
Microsoft Visual Studio Solution File, Format Version 12.00
# Visual Studio 15
VisualStudioVersion = 15.0.28307.1705
MinimumVisualStudioVersion = 10.0.40219.1
Project("{FAE04EC0-301F-11D3-BF4B-00C04F79EFBC}") = "PredmetniZadatak1", "PredmetniZadatak1\PredmetniZadatak1.csproj", "{14BC7C66-1F78-4AF7-9306-3CCE9A0C3263}"
EndProject
Global
	GlobalSection(SolutionConfigurationPlatforms) = preSolution
		Debug|Any CPU = Debug|Any CPU
		Release|Any CPU = Release|Any CPU
	EndGlobalSection
	GlobalSection(ProjectConfigurationPlatforms) = postSolution
		{14BC7C66-1F78-4AF7-9306-3CCE9A0C3263}.Debug|Any CPU.ActiveCfg = Debug|Any CPU
		{14BC7C66-1F78-4AF7-9306-3CCE9A0C3263}.Debug|Any CPU.Build.0 = Debug|Any CPU
		{14BC7C66-1F78-4AF7-9306-3CCE9A0C3263}.Release|Any CPU.ActiveCfg = Release|Any CPU
		{14BC7C66-1F78-4AF7-9306-3CCE9A0C3263}.Release|Any CPU.Build.0 = Release|Any CPU
	EndGlobalSection
	GlobalSection(SolutionProperties) = preSolution
		HideSolutionNode = FALSE
	EndGlobalSection
	GlobalSection(ExtensibilityGlobals) = postSolution
		SolutionGuid = {DF471A37-C9D8-46B3-87D3-23F4C0728B06}
	EndGlobalSection
EndGlobal
